
Microsoft Visual Studio Solution File, Format Version 12.00
# Visual Studio Version 17
VisualStudioVersion = 17.2.32630.192
MinimumVisualStudioVersion = 10.0.40219.1
Project("{FAE04EC0-301F-11D3-BF4B-00C04F79EFBC}") = "ExercicioEncapsulamento", "ExercicioEncapsulamento\ExercicioEncapsulamento.csproj", "{09B4CB1D-5650-4D6E-9AD9-444117B33207}"
EndProject
Global
	GlobalSection(SolutionConfigurationPlatforms) = preSolution
		Debug|Any CPU = Debug|Any CPU
		Release|Any CPU = Release|Any CPU
	EndGlobalSection
	GlobalSection(ProjectConfigurationPlatforms) = postSolution
		{09B4CB1D-5650-4D6E-9AD9-444117B33207}.Debug|Any CPU.ActiveCfg = Debug|Any CPU
		{09B4CB1D-5650-4D6E-9AD9-444117B33207}.Debug|Any CPU.Build.0 = Debug|Any CPU
		{09B4CB1D-5650-4D6E-9AD9-444117B33207}.Release|Any CPU.ActiveCfg = Release|Any CPU
		{09B4CB1D-5650-4D6E-9AD9-444117B33207}.Release|Any CPU.Build.0 = Release|Any CPU
	EndGlobalSection
	GlobalSection(SolutionProperties) = preSolution
		HideSolutionNode = FALSE
	EndGlobalSection
	GlobalSection(ExtensibilityGlobals) = postSolution
		SolutionGuid = {A7EF3DF7-5F4B-4985-8FE7-CD9C1391D493}
	EndGlobalSection
EndGlobal
